
Microsoft Visual Studio Solution File, Format Version 12.00
# Visual Studio Version 16
VisualStudioVersion = 16.0.32630.194
MinimumVisualStudioVersion = 10.0.40219.1
Project("{F184B08F-C81C-45F6-A57F-5ABD9991F28F}") = "Base de datos", "Base de datos.vbproj", "{82CB08BE-0600-4844-8501-72743152BDCE}"
EndProject
Global
	GlobalSection(SolutionConfigurationPlatforms) = preSolution
		Debug|Any CPU = Debug|Any CPU
		Release|Any CPU = Release|Any CPU
	EndGlobalSection
	GlobalSection(ProjectConfigurationPlatforms) = postSolution
		{82CB08BE-0600-4844-8501-72743152BDCE}.Debug|Any CPU.ActiveCfg = Debug|Any CPU
		{82CB08BE-0600-4844-8501-72743152BDCE}.Debug|Any CPU.Build.0 = Debug|Any CPU
		{82CB08BE-0600-4844-8501-72743152BDCE}.Release|Any CPU.ActiveCfg = Release|Any CPU
		{82CB08BE-0600-4844-8501-72743152BDCE}.Release|Any CPU.Build.0 = Release|Any CPU
	EndGlobalSection
	GlobalSection(SolutionProperties) = preSolution
		HideSolutionNode = FALSE
	EndGlobalSection
	GlobalSection(ExtensibilityGlobals) = postSolution
		SolutionGuid = {D188E489-A733-4271-9809-DF44736B315A}
	EndGlobalSection
EndGlobal
